
Microsoft Visual Studio Solution File, Format Version 12.00
# Visual Studio 15
VisualStudioVersion = 15.0.27130.2036
MinimumVisualStudioVersion = 10.0.40219.1
Project("{9A19103F-16F7-4668-BE54-9A1E7A4F7556}") = "DotNetCoreJwt", "DotNetCoreJwt\DotNetCoreJwt.csproj", "{0035C3F5-82D9-4073-9B62-9BCE1E56B5FD}"
EndProject
Project("{9A19103F-16F7-4668-BE54-9A1E7A4F7556}") = "MetricsRazor", "MetricsRazor\MetricsRazor.csproj", "{06F94AB1-4A98-4616-A97F-F7A1D14AD4DD}"
EndProject
Global
	GlobalSection(SolutionConfigurationPlatforms) = preSolution
		Debug|Any CPU = Debug|Any CPU
		Release|Any CPU = Release|Any CPU
	EndGlobalSection
	GlobalSection(ProjectConfigurationPlatforms) = postSolution
		{0035C3F5-82D9-4073-9B62-9BCE1E56B5FD}.Debug|Any CPU.ActiveCfg = Debug|Any CPU
		{0035C3F5-82D9-4073-9B62-9BCE1E56B5FD}.Debug|Any CPU.Build.0 = Debug|Any CPU
		{0035C3F5-82D9-4073-9B62-9BCE1E56B5FD}.Release|Any CPU.ActiveCfg = Release|Any CPU
		{0035C3F5-82D9-4073-9B62-9BCE1E56B5FD}.Release|Any CPU.Build.0 = Release|Any CPU
		{06F94AB1-4A98-4616-A97F-F7A1D14AD4DD}.Debug|Any CPU.ActiveCfg = Debug|Any CPU
		{06F94AB1-4A98-4616-A97F-F7A1D14AD4DD}.Debug|Any CPU.Build.0 = Debug|Any CPU
		{06F94AB1-4A98-4616-A97F-F7A1D14AD4DD}.Release|Any CPU.ActiveCfg = Release|Any CPU
		{06F94AB1-4A98-4616-A97F-F7A1D14AD4DD}.Release|Any CPU.Build.0 = Release|Any CPU
	EndGlobalSection
	GlobalSection(SolutionProperties) = preSolution
		HideSolutionNode = FALSE
	EndGlobalSection
	GlobalSection(ExtensibilityGlobals) = postSolution
		SolutionGuid = {B37ED7F9-2944-42C4-B705-22E12514F85C}
	EndGlobalSection
EndGlobal
