
Microsoft Visual Studio Solution File, Format Version 12.00
# Visual Studio 15
VisualStudioVersion = 15.0.27130.2036
MinimumVisualStudioVersion = 10.0.40219.1
Project("{9A19103F-16F7-4668-BE54-9A1E7A4F7556}") = "DotNetCoreJwt", "src\DotNetCoreJwt\DotNetCoreJwt.csproj", "{BD4DC750-7700-43EF-A812-A0C97A6229FB}"
EndProject
Project("{9A19103F-16F7-4668-BE54-9A1E7A4F7556}") = "MetricsRazor", "src\MetricsRazor\MetricsRazor.csproj", "{03B1BF3A-4450-4EBE-B5EA-9E8A58576561}"
EndProject
Project("{9A19103F-16F7-4668-BE54-9A1E7A4F7556}") = "UnitTest", "tests\UnitTest\UnitTest.csproj", "{10C5C850-5365-489F-A104-5D3490979865}"
EndProject
Global
	GlobalSection(SolutionConfigurationPlatforms) = preSolution
		Debug|Any CPU = Debug|Any CPU
		Release|Any CPU = Release|Any CPU
	EndGlobalSection
	GlobalSection(ProjectConfigurationPlatforms) = postSolution
		{BD4DC750-7700-43EF-A812-A0C97A6229FB}.Debug|Any CPU.ActiveCfg = Debug|Any CPU
		{BD4DC750-7700-43EF-A812-A0C97A6229FB}.Debug|Any CPU.Build.0 = Debug|Any CPU
		{BD4DC750-7700-43EF-A812-A0C97A6229FB}.Release|Any CPU.ActiveCfg = Release|Any CPU
		{BD4DC750-7700-43EF-A812-A0C97A6229FB}.Release|Any CPU.Build.0 = Release|Any CPU
		{03B1BF3A-4450-4EBE-B5EA-9E8A58576561}.Debug|Any CPU.ActiveCfg = Debug|Any CPU
		{03B1BF3A-4450-4EBE-B5EA-9E8A58576561}.Debug|Any CPU.Build.0 = Debug|Any CPU
		{03B1BF3A-4450-4EBE-B5EA-9E8A58576561}.Release|Any CPU.ActiveCfg = Release|Any CPU
		{03B1BF3A-4450-4EBE-B5EA-9E8A58576561}.Release|Any CPU.Build.0 = Release|Any CPU
		{10C5C850-5365-489F-A104-5D3490979865}.Debug|Any CPU.ActiveCfg = Debug|Any CPU
		{10C5C850-5365-489F-A104-5D3490979865}.Debug|Any CPU.Build.0 = Debug|Any CPU
		{10C5C850-5365-489F-A104-5D3490979865}.Release|Any CPU.ActiveCfg = Release|Any CPU
		{10C5C850-5365-489F-A104-5D3490979865}.Release|Any CPU.Build.0 = Release|Any CPU
	EndGlobalSection
	GlobalSection(SolutionProperties) = preSolution
		HideSolutionNode = FALSE
	EndGlobalSection
	GlobalSection(ExtensibilityGlobals) = postSolution
		SolutionGuid = {B37ED7F9-2944-42C4-B705-22E12514F85C}
	EndGlobalSection
EndGlobal
